
Microsoft Visual Studio Solution File, Format Version 12.00
# Visual Studio 15
VisualStudioVersion = 15.0.27428.1
MinimumVisualStudioVersion = 10.0.40219.1
Project("{8BC9CEB8-8B4A-11D0-8D11-00A0C91BC942}") = "Algorithm", "Algorithm\Algorithm.vcxproj", "{E9143BCA-2A08-4D1E-8A69-B6F30C5FC9ED}"
EndProject
Project("{8BC9CEB8-8B4A-11D0-8D11-00A0C91BC942}") = "Epoll", "Epoll\Epoll.vcxproj", "{977CA728-A3E8-4233-A8B6-BF46BC186BF9}"
EndProject
Project("{8BC9CEB8-8B4A-11D0-8D11-00A0C91BC942}") = "Select", "Select\Select.vcxproj", "{BDEB117F-FF3F-443D-B70D-BCC417C27C4B}"
EndProject
Project("{8BC9CEB8-8B4A-11D0-8D11-00A0C91BC942}") = "CompletePort", "CompletePort2\CompletePort2.vcxproj", "{76C4FC22-E622-41C5-9CD3-296F222787FE}"
EndProject
Global
	GlobalSection(SolutionConfigurationPlatforms) = preSolution
		Debug|ARM = Debug|ARM
		Debug|x64 = Debug|x64
		Debug|x86 = Debug|x86
		Release|ARM = Release|ARM
		Release|x64 = Release|x64
		Release|x86 = Release|x86
	EndGlobalSection
	GlobalSection(ProjectConfigurationPlatforms) = postSolution
		{E9143BCA-2A08-4D1E-8A69-B6F30C5FC9ED}.Debug|ARM.ActiveCfg = Debug|Win32
		{E9143BCA-2A08-4D1E-8A69-B6F30C5FC9ED}.Debug|x64.ActiveCfg = Debug|x64
		{E9143BCA-2A08-4D1E-8A69-B6F30C5FC9ED}.Debug|x64.Build.0 = Debug|x64
		{E9143BCA-2A08-4D1E-8A69-B6F30C5FC9ED}.Debug|x86.ActiveCfg = Debug|Win32
		{E9143BCA-2A08-4D1E-8A69-B6F30C5FC9ED}.Debug|x86.Build.0 = Debug|Win32
		{E9143BCA-2A08-4D1E-8A69-B6F30C5FC9ED}.Release|ARM.ActiveCfg = Release|Win32
		{E9143BCA-2A08-4D1E-8A69-B6F30C5FC9ED}.Release|x64.ActiveCfg = Release|x64
		{E9143BCA-2A08-4D1E-8A69-B6F30C5FC9ED}.Release|x64.Build.0 = Release|x64
		{E9143BCA-2A08-4D1E-8A69-B6F30C5FC9ED}.Release|x86.ActiveCfg = Release|Win32
		{E9143BCA-2A08-4D1E-8A69-B6F30C5FC9ED}.Release|x86.Build.0 = Release|Win32
		{977CA728-A3E8-4233-A8B6-BF46BC186BF9}.Debug|ARM.ActiveCfg = Debug|ARM
		{977CA728-A3E8-4233-A8B6-BF46BC186BF9}.Debug|ARM.Build.0 = Debug|ARM
		{977CA728-A3E8-4233-A8B6-BF46BC186BF9}.Debug|x64.ActiveCfg = Debug|x64
		{977CA728-A3E8-4233-A8B6-BF46BC186BF9}.Debug|x64.Build.0 = Debug|x64
		{977CA728-A3E8-4233-A8B6-BF46BC186BF9}.Debug|x86.ActiveCfg = Debug|x86
		{977CA728-A3E8-4233-A8B6-BF46BC186BF9}.Debug|x86.Build.0 = Debug|x86
		{977CA728-A3E8-4233-A8B6-BF46BC186BF9}.Release|ARM.ActiveCfg = Release|ARM
		{977CA728-A3E8-4233-A8B6-BF46BC186BF9}.Release|ARM.Build.0 = Release|ARM
		{977CA728-A3E8-4233-A8B6-BF46BC186BF9}.Release|x64.ActiveCfg = Release|x64
		{977CA728-A3E8-4233-A8B6-BF46BC186BF9}.Release|x64.Build.0 = Release|x64
		{977CA728-A3E8-4233-A8B6-BF46BC186BF9}.Release|x86.ActiveCfg = Release|x86
		{977CA728-A3E8-4233-A8B6-BF46BC186BF9}.Release|x86.Build.0 = Release|x86
		{BDEB117F-FF3F-443D-B70D-BCC417C27C4B}.Debug|ARM.ActiveCfg = Debug|Win32
		{BDEB117F-FF3F-443D-B70D-BCC417C27C4B}.Debug|x64.ActiveCfg = Debug|x64
		{BDEB117F-FF3F-443D-B70D-BCC417C27C4B}.Debug|x64.Build.0 = Debug|x64
		{BDEB117F-FF3F-443D-B70D-BCC417C27C4B}.Debug|x86.ActiveCfg = Debug|Win32
		{BDEB117F-FF3F-443D-B70D-BCC417C27C4B}.Debug|x86.Build.0 = Debug|Win32
		{BDEB117F-FF3F-443D-B70D-BCC417C27C4B}.Release|ARM.ActiveCfg = Release|Win32
		{BDEB117F-FF3F-443D-B70D-BCC417C27C4B}.Release|x64.ActiveCfg = Release|x64
		{BDEB117F-FF3F-443D-B70D-BCC417C27C4B}.Release|x64.Build.0 = Release|x64
		{BDEB117F-FF3F-443D-B70D-BCC417C27C4B}.Release|x86.ActiveCfg = Release|Win32
		{BDEB117F-FF3F-443D-B70D-BCC417C27C4B}.Release|x86.Build.0 = Release|Win32
		{76C4FC22-E622-41C5-9CD3-296F222787FE}.Debug|ARM.ActiveCfg = Debug|Win32
		{76C4FC22-E622-41C5-9CD3-296F222787FE}.Debug|x64.ActiveCfg = Debug|x64
		{76C4FC22-E622-41C5-9CD3-296F222787FE}.Debug|x64.Build.0 = Debug|x64
		{76C4FC22-E622-41C5-9CD3-296F222787FE}.Debug|x86.ActiveCfg = Debug|Win32
		{76C4FC22-E622-41C5-9CD3-296F222787FE}.Debug|x86.Build.0 = Debug|Win32
		{76C4FC22-E622-41C5-9CD3-296F222787FE}.Release|ARM.ActiveCfg = Release|Win32
		{76C4FC22-E622-41C5-9CD3-296F222787FE}.Release|x64.ActiveCfg = Release|x64
		{76C4FC22-E622-41C5-9CD3-296F222787FE}.Release|x64.Build.0 = Release|x64
		{76C4FC22-E622-41C5-9CD3-296F222787FE}.Release|x86.ActiveCfg = Release|Win32
		{76C4FC22-E622-41C5-9CD3-296F222787FE}.Release|x86.Build.0 = Release|Win32
	EndGlobalSection
	GlobalSection(SolutionProperties) = preSolution
		HideSolutionNode = FALSE
	EndGlobalSection
	GlobalSection(ExtensibilityGlobals) = postSolution
		SolutionGuid = {C89D148D-B75E-485F-A0C6-9627E7AC2D7D}
	EndGlobalSection
EndGlobal
